// !$*UTF8*$!
{
	archiveVersion = 1;
	classes = {
	};
	objectVersion = 48;
	objects = {

/* Begin PBXBuildFile section */
		06AD23EB20CC789300D9DA22 /* AppDelegate.swift in Sources */ = {isa = PBXBuildFile; fileRef = 06AD23EA20CC789300D9DA22 /* AppDelegate.swift */; };
		06AD23ED20CC789300D9DA22 /* ViewController.swift in Sources */ = {isa = PBXBuildFile; fileRef = 06AD23EC20CC789300D9DA22 /* ViewController.swift */; };
		06AD23F020CC789300D9DA22 /* Main.storyboard in Resources */ = {isa = PBXBuildFile; fileRef = 06AD23EE20CC789300D9DA22 /* Main.storyboard */; };
		06AD23F220CC789300D9DA22 /* Assets.xcassets in Resources */ = {isa = PBXBuildFile; fileRef = 06AD23F120CC789300D9DA22 /* Assets.xcassets */; };
		06AD23F520CC789300D9DA22 /* LaunchScreen.storyboard in Resources */ = {isa = PBXBuildFile; fileRef = 06AD23F320CC789300D9DA22 /* LaunchScreen.storyboard */; };
		06AD23FE20CCA45100D9DA22 /* HomeWeatherDisplayViewCell.xib in Resources */ = {isa = PBXBuildFile; fileRef = 06AD23FD20CCA45100D9DA22 /* HomeWeatherDisplayViewCell.xib */; };
		06AD240120CCAD7600D9DA22 /* HomeWeatherDisplayViewCell.swift in Sources */ = {isa = PBXBuildFile; fileRef = 06AD240020CCAD7600D9DA22 /* HomeWeatherDisplayViewCell.swift */; };
		06AD240620CD5B3D00D9DA22 /* DarkSkyAPI.swift in Sources */ = {isa = PBXBuildFile; fileRef = 06AD240520CD5B3D00D9DA22 /* DarkSkyAPI.swift */; };
		06AD240820CD5BCD00D9DA22 /* DarkSkyError.swift in Sources */ = {isa = PBXBuildFile; fileRef = 06AD240720CD5BCD00D9DA22 /* DarkSkyError.swift */; };
		06AD240A20CD5CAB00D9DA22 /* DarkSkyAPIClient.swift in Sources */ = {isa = PBXBuildFile; fileRef = 06AD240920CD5CAB00D9DA22 /* DarkSkyAPIClient.swift */; };
		06AD240D20CD5F3A00D9DA22 /* CurrentWeather.swift in Sources */ = {isa = PBXBuildFile; fileRef = 06AD240C20CD5F3A00D9DA22 /* CurrentWeather.swift */; };
		06AD240F20CD664E00D9DA22 /* CurrentWeatherViewModel.swift in Sources */ = {isa = PBXBuildFile; fileRef = 06AD240E20CD664E00D9DA22 /* CurrentWeatherViewModel.swift */; };
		06AD241120CD6D3500D9DA22 /* Coordinate.swift in Sources */ = {isa = PBXBuildFile; fileRef = 06AD241020CD6D3500D9DA22 /* Coordinate.swift */; };
		06AD241320CD6F4D00D9DA22 /* JSONDownloader.swift in Sources */ = {isa = PBXBuildFile; fileRef = 06AD241220CD6F4D00D9DA22 /* JSONDownloader.swift */; };
		06AD241720CDC07100D9DA22 /* Location.swift in Sources */ = {isa = PBXBuildFile; fileRef = 06AD241620CDC07100D9DA22 /* Location.swift */; };
/* End PBXBuildFile section */

/* Begin PBXFileReference section */
		06AD23E720CC789300D9DA22 /* DarkSky Weather App.app */ = {isa = PBXFileReference; explicitFileType = wrapper.application; includeInIndex = 0; path = "DarkSky Weather App.app"; sourceTree = BUILT_PRODUCTS_DIR; };
		06AD23EA20CC789300D9DA22 /* AppDelegate.swift */ = {isa = PBXFileReference; lastKnownFileType = sourcecode.swift; path = AppDelegate.swift; sourceTree = "<group>"; };
		06AD23EC20CC789300D9DA22 /* ViewController.swift */ = {isa = PBXFileReference; lastKnownFileType = sourcecode.swift; path = ViewController.swift; sourceTree = "<group>"; };
		06AD23EF20CC789300D9DA22 /* Base */ = {isa = PBXFileReference; lastKnownFileType = file.storyboard; name = Base; path = Base.lproj/Main.storyboard; sourceTree = "<group>"; };
		06AD23F120CC789300D9DA22 /* Assets.xcassets */ = {isa = PBXFileReference; lastKnownFileType = folder.assetcatalog; path = Assets.xcassets; sourceTree = "<group>"; };
		06AD23F420CC789300D9DA22 /* Base */ = {isa = PBXFileReference; lastKnownFileType = file.storyboard; name = Base; path = Base.lproj/LaunchScreen.storyboard; sourceTree = "<group>"; };
		06AD23F620CC789300D9DA22 /* Info.plist */ = {isa = PBXFileReference; lastKnownFileType = text.plist.xml; path = Info.plist; sourceTree = "<group>"; };
		06AD23FD20CCA45100D9DA22 /* HomeWeatherDisplayViewCell.xib */ = {isa = PBXFileReference; lastKnownFileType = file.xib; path = HomeWeatherDisplayViewCell.xib; sourceTree = "<group>"; };
		06AD240020CCAD7600D9DA22 /* HomeWeatherDisplayViewCell.swift */ = {isa = PBXFileReference; lastKnownFileType = sourcecode.swift; path = HomeWeatherDisplayViewCell.swift; sourceTree = "<group>"; };
		06AD240520CD5B3D00D9DA22 /* DarkSkyAPI.swift */ = {isa = PBXFileReference; lastKnownFileType = sourcecode.swift; path = DarkSkyAPI.swift; sourceTree = "<group>"; };
		06AD240720CD5BCD00D9DA22 /* DarkSkyError.swift */ = {isa = PBXFileReference; lastKnownFileType = sourcecode.swift; path = DarkSkyError.swift; sourceTree = "<group>"; };
		06AD240920CD5CAB00D9DA22 /* DarkSkyAPIClient.swift */ = {isa = PBXFileReference; lastKnownFileType = sourcecode.swift; path = DarkSkyAPIClient.swift; sourceTree = "<group>"; };
		06AD240C20CD5F3A00D9DA22 /* CurrentWeather.swift */ = {isa = PBXFileReference; lastKnownFileType = sourcecode.swift; path = CurrentWeather.swift; sourceTree = "<group>"; };
		06AD240E20CD664E00D9DA22 /* CurrentWeatherViewModel.swift */ = {isa = PBXFileReference; lastKnownFileType = sourcecode.swift; path = CurrentWeatherViewModel.swift; sourceTree = "<group>"; };
		06AD241020CD6D3500D9DA22 /* Coordinate.swift */ = {isa = PBXFileReference; lastKnownFileType = sourcecode.swift; path = Coordinate.swift; sourceTree = "<group>"; };
		06AD241220CD6F4D00D9DA22 /* JSONDownloader.swift */ = {isa = PBXFileReference; lastKnownFileType = sourcecode.swift; path = JSONDownloader.swift; sourceTree = "<group>"; };
		06AD241620CDC07100D9DA22 /* Location.swift */ = {isa = PBXFileReference; lastKnownFileType = sourcecode.swift; path = Location.swift; sourceTree = "<group>"; };
/* End PBXFileReference section */

/* Begin PBXFrameworksBuildPhase section */
		06AD23E420CC789300D9DA22 /* Frameworks */ = {
			isa = PBXFrameworksBuildPhase;
			buildActionMask = 2147483647;
			files = (
			);
			runOnlyForDeploymentPostprocessing = 0;
		};
/* End PBXFrameworksBuildPhase section */

/* Begin PBXGroup section */
		06AD23DE20CC789300D9DA22 = {
			isa = PBXGroup;
			children = (
				06AD23E920CC789300D9DA22 /* DarkSky Weather App */,
				06AD23E820CC789300D9DA22 /* Products */,
			);
			sourceTree = "<group>";
		};
		06AD23E820CC789300D9DA22 /* Products */ = {
			isa = PBXGroup;
			children = (
				06AD23E720CC789300D9DA22 /* DarkSky Weather App.app */,
			);
			name = Products;
			sourceTree = "<group>";
		};
		06AD23E920CC789300D9DA22 /* DarkSky Weather App */ = {
			isa = PBXGroup;
			children = (
				06AD240420CD5B1500D9DA22 /* Networking */,
				06AD240220CD5ADC00D9DA22 /* Model */,
				06AD23FC20CCA42C00D9DA22 /* CellNib */,
				06AD23FF20CCAD5B00D9DA22 /* ViewCell */,
				06AD23EA20CC789300D9DA22 /* AppDelegate.swift */,
				06AD23EC20CC789300D9DA22 /* ViewController.swift */,
				06AD23EE20CC789300D9DA22 /* Main.storyboard */,
				06AD23F120CC789300D9DA22 /* Assets.xcassets */,
				06AD23F320CC789300D9DA22 /* LaunchScreen.storyboard */,
				06AD23F620CC789300D9DA22 /* Info.plist */,
			);
			path = "DarkSky Weather App";
			sourceTree = "<group>";
		};
		06AD23FC20CCA42C00D9DA22 /* CellNib */ = {
			isa = PBXGroup;
			children = (
				06AD23FD20CCA45100D9DA22 /* HomeWeatherDisplayViewCell.xib */,
			);
			path = CellNib;
			sourceTree = "<group>";
		};
		06AD23FF20CCAD5B00D9DA22 /* ViewCell */ = {
			isa = PBXGroup;
			children = (
				06AD240020CCAD7600D9DA22 /* HomeWeatherDisplayViewCell.swift */,
			);
			path = ViewCell;
			sourceTree = "<group>";
		};
		06AD240220CD5ADC00D9DA22 /* Model */ = {
			isa = PBXGroup;
			children = (
				06AD240B20CD5EE700D9DA22 /* CurrentWeather */,
				06AD241020CD6D3500D9DA22 /* Coordinate.swift */,
				06AD241620CDC07100D9DA22 /* Location.swift */,
			);
			path = Model;
			sourceTree = "<group>";
		};
		06AD240320CD5AE400D9DA22 /* DarkSky */ = {
			isa = PBXGroup;
			children = (
				06AD240520CD5B3D00D9DA22 /* DarkSkyAPI.swift */,
				06AD240920CD5CAB00D9DA22 /* DarkSkyAPIClient.swift */,
				06AD240720CD5BCD00D9DA22 /* DarkSkyError.swift */,
			);
			path = DarkSky;
			sourceTree = "<group>";
		};
		06AD240420CD5B1500D9DA22 /* Networking */ = {
			isa = PBXGroup;
			children = (
				06AD240320CD5AE400D9DA22 /* DarkSky */,
				06AD241220CD6F4D00D9DA22 /* JSONDownloader.swift */,
			);
			path = Networking;
			sourceTree = "<group>";
		};
		06AD240B20CD5EE700D9DA22 /* CurrentWeather */ = {
			isa = PBXGroup;
			children = (
				06AD240C20CD5F3A00D9DA22 /* CurrentWeather.swift */,
				06AD240E20CD664E00D9DA22 /* CurrentWeatherViewModel.swift */,
			);
			path = CurrentWeather;
			sourceTree = "<group>";
		};
/* End PBXGroup section */

/* Begin PBXNativeTarget section */
		06AD23E620CC789300D9DA22 /* DarkSky Weather App */ = {
			isa = PBXNativeTarget;
			buildConfigurationList = 06AD23F920CC789300D9DA22 /* Build configuration list for PBXNativeTarget "DarkSky Weather App" */;
			buildPhases = (
				06AD23E320CC789300D9DA22 /* Sources */,
				06AD23E420CC789300D9DA22 /* Frameworks */,
				06AD23E520CC789300D9DA22 /* Resources */,
			);
			buildRules = (
			);
			dependencies = (
			);
			name = "DarkSky Weather App";
			productName = "DarkSky Weather App";
			productReference = 06AD23E720CC789300D9DA22 /* DarkSky Weather App.app */;
			productType = "com.apple.product-type.application";
		};
/* End PBXNativeTarget section */

/* Begin PBXProject section */
		06AD23DF20CC789300D9DA22 /* Project object */ = {
			isa = PBXProject;
			attributes = {
				LastSwiftUpdateCheck = 0920;
				LastUpgradeCheck = 0920;
				ORGANIZATIONNAME = PREE;
				TargetAttributes = {
					06AD23E620CC789300D9DA22 = {
						CreatedOnToolsVersion = 9.2;
						ProvisioningStyle = Automatic;
					};
				};
			};
			buildConfigurationList = 06AD23E220CC789300D9DA22 /* Build configuration list for PBXProject "DarkSky Weather App" */;
			compatibilityVersion = "Xcode 8.0";
			developmentRegion = en;
			hasScannedForEncodings = 0;
			knownRegions = (
				en,
				Base,
			);
			mainGroup = 06AD23DE20CC789300D9DA22;
			productRefGroup = 06AD23E820CC789300D9DA22 /* Products */;
			projectDirPath = "";
			projectRoot = "";
			targets = (
				06AD23E620CC789300D9DA22 /* DarkSky Weather App */,
			);
		};
/* End PBXProject section */

/* Begin PBXResourcesBuildPhase section */
		06AD23E520CC789300D9DA22 /* Resources */ = {
			isa = PBXResourcesBuildPhase;
			buildActionMask = 2147483647;
			files = (
				06AD23F520CC789300D9DA22 /* LaunchScreen.storyboard in Resources */,
				06AD23FE20CCA45100D9DA22 /* HomeWeatherDisplayViewCell.xib in Resources */,
				06AD23F220CC789300D9DA22 /* Assets.xcassets in Resources */,
				06AD23F020CC789300D9DA22 /* Main.storyboard in Resources */,
			);
			runOnlyForDeploymentPostprocessing = 0;
		};
/* End PBXResourcesBuildPhase section */

/* Begin PBXSourcesBuildPhase section */
		06AD23E320CC789300D9DA22 /* Sources */ = {
			isa = PBXSourcesBuildPhase;
			buildActionMask = 2147483647;
			files = (
				06AD240F20CD664E00D9DA22 /* CurrentWeatherViewModel.swift in Sources */,
				06AD240120CCAD7600D9DA22 /* HomeWeatherDisplayViewCell.swift in Sources */,
				06AD241320CD6F4D00D9DA22 /* JSONDownloader.swift in Sources */,
				06AD23ED20CC789300D9DA22 /* ViewController.swift in Sources */,
				06AD240620CD5B3D00D9DA22 /* DarkSkyAPI.swift in Sources */,
				06AD240D20CD5F3A00D9DA22 /* CurrentWeather.swift in Sources */,
				06AD241120CD6D3500D9DA22 /* Coordinate.swift in Sources */,
				06AD240A20CD5CAB00D9DA22 /* DarkSkyAPIClient.swift in Sources */,
				06AD23EB20CC789300D9DA22 /* AppDelegate.swift in Sources */,
				06AD241720CDC07100D9DA22 /* Location.swift in Sources */,
				06AD240820CD5BCD00D9DA22 /* DarkSkyError.swift in Sources */,
			);
			runOnlyForDeploymentPostprocessing = 0;
		};
/* End PBXSourcesBuildPhase section */

/* Begin PBXVariantGroup section */
		06AD23EE20CC789300D9DA22 /* Main.storyboard */ = {
			isa = PBXVariantGroup;
			children = (
				06AD23EF20CC789300D9DA22 /* Base */,
			);
			name = Main.storyboard;
			sourceTree = "<group>";
		};
		06AD23F320CC789300D9DA22 /* LaunchScreen.storyboard */ = {
			isa = PBXVariantGroup;
			children = (
				06AD23F420CC789300D9DA22 /* Base */,
			);
			name = LaunchScreen.storyboard;
			sourceTree = "<group>";
		};
/* End PBXVariantGroup section */

/* Begin XCBuildConfiguration section */
		06AD23F720CC789300D9DA22 /* Debug */ = {
			isa = XCBuildConfiguration;
			buildSettings = {
				ALWAYS_SEARCH_USER_PATHS = NO;
				CLANG_ANALYZER_NONNULL = YES;
				CLANG_ANALYZER_NUMBER_OBJECT_CONVERSION = YES_AGGRESSIVE;
				CLANG_CXX_LANGUAGE_STANDARD = "gnu++14";
				CLANG_CXX_LIBRARY = "libc++";
				CLANG_ENABLE_MODULES = YES;
				CLANG_ENABLE_OBJC_ARC = YES;
				CLANG_WARN_BLOCK_CAPTURE_AUTORELEASING = YES;
				CLANG_WARN_BOOL_CONVERSION = YES;
				CLANG_WARN_COMMA = YES;
				CLANG_WARN_CONSTANT_CONVERSION = YES;
				CLANG_WARN_DIRECT_OBJC_ISA_USAGE = YES_ERROR;
				CLANG_WARN_DOCUMENTATION_COMMENTS = YES;
				CLANG_WARN_EMPTY_BODY = YES;
				CLANG_WARN_ENUM_CONVERSION = YES;
				CLANG_WARN_INFINITE_RECURSION = YES;
				CLANG_WARN_INT_CONVERSION = YES;
				CLANG_WARN_NON_LITERAL_NULL_CONVERSION = YES;
				CLANG_WARN_OBJC_LITERAL_CONVERSION = YES;
				CLANG_WARN_OBJC_ROOT_CLASS = YES_ERROR;
				CLANG_WARN_RANGE_LOOP_ANALYSIS = YES;
				CLANG_WARN_STRICT_PROTOTYPES = YES;
				CLANG_WARN_SUSPICIOUS_MOVE = YES;
				CLANG_WARN_UNGUARDED_AVAILABILITY = YES_AGGRESSIVE;
				CLANG_WARN_UNREACHABLE_CODE = YES;
				CLANG_WARN__DUPLICATE_METHOD_MATCH = YES;
				CODE_SIGN_IDENTITY = "iPhone Developer";
				COPY_PHASE_STRIP = NO;
				DEBUG_INFORMATION_FORMAT = dwarf;
				ENABLE_STRICT_OBJC_MSGSEND = YES;
				ENABLE_TESTABILITY = YES;
				GCC_C_LANGUAGE_STANDARD = gnu11;
				GCC_DYNAMIC_NO_PIC = NO;
				GCC_NO_COMMON_BLOCKS = YES;
				GCC_OPTIMIZATION_LEVEL = 0;
				GCC_PREPROCESSOR_DEFINITIONS = (
					"DEBUG=1",
					"$(inherited)",
				);
				GCC_WARN_64_TO_32_BIT_CONVERSION = YES;
				GCC_WARN_ABOUT_RETURN_TYPE = YES_ERROR;
				GCC_WARN_UNDECLARED_SELECTOR = YES;
				GCC_WARN_UNINITIALIZED_AUTOS = YES_AGGRESSIVE;
				GCC_WARN_UNUSED_FUNCTION = YES;
				GCC_WARN_UNUSED_VARIABLE = YES;
				IPHONEOS_DEPLOYMENT_TARGET = 11.2;
				MTL_ENABLE_DEBUG_INFO = YES;
				ONLY_ACTIVE_ARCH = YES;
				SDKROOT = iphoneos;
				SWIFT_ACTIVE_COMPILATION_CONDITIONS = DEBUG;
				SWIFT_OPTIMIZATION_LEVEL = "-Onone";
			};
			name = Debug;
		};
		06AD23F820CC789300D9DA22 /* Release */ = {
			isa = XCBuildConfiguration;
			buildSettings = {
				ALWAYS_SEARCH_USER_PATHS = NO;
				CLANG_ANALYZER_NONNULL = YES;
				CLANG_ANALYZER_NUMBER_OBJECT_CONVERSION = YES_AGGRESSIVE;
				CLANG_CXX_LANGUAGE_STANDARD = "gnu++14";
				CLANG_CXX_LIBRARY = "libc++";
				CLANG_ENABLE_MODULES = YES;
				CLANG_ENABLE_OBJC_ARC = YES;
				CLANG_WARN_BLOCK_CAPTURE_AUTORELEASING = YES;
				CLANG_WARN_BOOL_CONVERSION = YES;
				CLANG_WARN_COMMA = YES;
				CLANG_WARN_CONSTANT_CONVERSION = YES;
				CLANG_WARN_DIRECT_OBJC_ISA_USAGE = YES_ERROR;
				CLANG_WARN_DOCUMENTATION_COMMENTS = YES;
				CLANG_WARN_EMPTY_BODY = YES;
				CLANG_WARN_ENUM_CONVERSION = YES;
				CLANG_WARN_INFINITE_RECURSION = YES;
				CLANG_WARN_INT_CONVERSION = YES;
				CLANG_WARN_NON_LITERAL_NULL_CONVERSION = YES;
				CLANG_WARN_OBJC_LITERAL_CONVERSION = YES;
				CLANG_WARN_OBJC_ROOT_CLASS = YES_ERROR;
				CLANG_WARN_RANGE_LOOP_ANALYSIS = YES;
				CLANG_WARN_STRICT_PROTOTYPES = YES;
				CLANG_WARN_SUSPICIOUS_MOVE = YES;
				CLANG_WARN_UNGUARDED_AVAILABILITY = YES_AGGRESSIVE;
				CLANG_WARN_UNREACHABLE_CODE = YES;
				CLANG_WARN__DUPLICATE_METHOD_MATCH = YES;
				CODE_SIGN_IDENTITY = "iPhone Developer";
				COPY_PHASE_STRIP = NO;
				DEBUG_INFORMATION_FORMAT = "dwarf-with-dsym";
				ENABLE_NS_ASSERTIONS = NO;
				ENABLE_STRICT_OBJC_MSGSEND = YES;
				GCC_C_LANGUAGE_STANDARD = gnu11;
				GCC_NO_COMMON_BLOCKS = YES;
				GCC_WARN_64_TO_32_BIT_CONVERSION = YES;
				GCC_WARN_ABOUT_RETURN_TYPE = YES_ERROR;
				GCC_WARN_UNDECLARED_SELECTOR = YES;
				GCC_WARN_UNINITIALIZED_AUTOS = YES_AGGRESSIVE;
				GCC_WARN_UNUSED_FUNCTION = YES;
				GCC_WARN_UNUSED_VARIABLE = YES;
				IPHONEOS_DEPLOYMENT_TARGET = 11.2;
				MTL_ENABLE_DEBUG_INFO = NO;
				SDKROOT = iphoneos;
				SWIFT_OPTIMIZATION_LEVEL = "-Owholemodule";
				VALIDATE_PRODUCT = YES;
			};
			name = Release;
		};
		06AD23FA20CC789300D9DA22 /* Debug */ = {
			isa = XCBuildConfiguration;
			buildSettings = {
				ASSETCATALOG_COMPILER_APPICON_NAME = AppIcon;
				CODE_SIGN_STYLE = Automatic;
				DEVELOPMENT_TEAM = 729C4GXRX6;
				INFOPLIST_FILE = "DarkSky Weather App/Info.plist";
				LD_RUNPATH_SEARCH_PATHS = "$(inherited) @executable_path/Frameworks";
				PRODUCT_BUNDLE_IDENTIFIER = "com.thedowntownapp.DarkSky-Weather-App";
				PRODUCT_NAME = "$(TARGET_NAME)";
				SWIFT_VERSION = 4.0;
				TARGETED_DEVICE_FAMILY = "1,2";
			};
			name = Debug;
		};
		06AD23FB20CC789300D9DA22 /* Release */ = {
			isa = XCBuildConfiguration;
			buildSettings = {
				ASSETCATALOG_COMPILER_APPICON_NAME = AppIcon;
				CODE_SIGN_STYLE = Automatic;
				DEVELOPMENT_TEAM = 729C4GXRX6;
				INFOPLIST_FILE = "DarkSky Weather App/Info.plist";
				LD_RUNPATH_SEARCH_PATHS = "$(inherited) @executable_path/Frameworks";
				PRODUCT_BUNDLE_IDENTIFIER = "com.thedowntownapp.DarkSky-Weather-App";
				PRODUCT_NAME = "$(TARGET_NAME)";
				SWIFT_VERSION = 4.0;
				TARGETED_DEVICE_FAMILY = "1,2";
			};
			name = Release;
		};
/* End XCBuildConfiguration section */

/* Begin XCConfigurationList section */
		06AD23E220CC789300D9DA22 /* Build configuration list for PBXProject "DarkSky Weather App" */ = {
			isa = XCConfigurationList;
			buildConfigurations = (
				06AD23F720CC789300D9DA22 /* Debug */,
				06AD23F820CC789300D9DA22 /* Release */,
			);
			defaultConfigurationIsVisible = 0;
			defaultConfigurationName = Release;
		};
		06AD23F920CC789300D9DA22 /* Build configuration list for PBXNativeTarget "DarkSky Weather App" */ = {
			isa = XCConfigurationList;
			buildConfigurations = (
				06AD23FA20CC789300D9DA22 /* Debug */,
				06AD23FB20CC789300D9DA22 /* Release */,
			);
			defaultConfigurationIsVisible = 0;
			defaultConfigurationName = Release;
		};
/* End XCConfigurationList section */
	};
	rootObject = 06AD23DF20CC789300D9DA22 /* Project object */;
}
